// !$*UTF8*$!
{
	archiveVersion = 1;
	classes = {
	};
	objectVersion = 50;
	objects = {

/* Begin PBXBuildFile section */
		7147000624261F1300F47F51 /* Project_ATests.swift in Sources */ = {isa = PBXBuildFile; fileRef = 7147000524261F1300F47F51 /* Project_ATests.swift */; };
		7147001124261F1300F47F51 /* Project_AUITests.swift in Sources */ = {isa = PBXBuildFile; fileRef = 7147001024261F1300F47F51 /* Project_AUITests.swift */; };
		7147FFEF24261F1000F47F51 /* AppDelegate.swift in Sources */ = {isa = PBXBuildFile; fileRef = 7147FFEE24261F1000F47F51 /* AppDelegate.swift */; };
		7147FFF124261F1000F47F51 /* SceneDelegate.swift in Sources */ = {isa = PBXBuildFile; fileRef = 7147FFF024261F1000F47F51 /* SceneDelegate.swift */; };
		7147FFF324261F1000F47F51 /* ViewController.swift in Sources */ = {isa = PBXBuildFile; fileRef = 7147FFF224261F1000F47F51 /* ViewController.swift */; };
		7147FFF624261F1000F47F51 /* Main.storyboard in Resources */ = {isa = PBXBuildFile; fileRef = 7147FFF424261F1000F47F51 /* Main.storyboard */; };
		7147FFF824261F1200F47F51 /* Assets.xcassets in Resources */ = {isa = PBXBuildFile; fileRef = 7147FFF724261F1200F47F51 /* Assets.xcassets */; };
		7147FFFB24261F1200F47F51 /* LaunchScreen.storyboard in Resources */ = {isa = PBXBuildFile; fileRef = 7147FFF924261F1200F47F51 /* LaunchScreen.storyboard */; };
/* End PBXBuildFile section */

/* Begin PBXContainerItemProxy section */
		7147000224261F1300F47F51 /* PBXContainerItemProxy */ = {
			isa = PBXContainerItemProxy;
			containerPortal = 7147FFE324261F1000F47F51 /* Project object */;
			proxyType = 1;
			remoteGlobalIDString = 7147FFEA24261F1000F47F51;
			remoteInfo = "Project A";
		};
		7147000D24261F1300F47F51 /* PBXContainerItemProxy */ = {
			isa = PBXContainerItemProxy;
			containerPortal = 7147FFE324261F1000F47F51 /* Project object */;
			proxyType = 1;
			remoteGlobalIDString = 7147FFEA24261F1000F47F51;
			remoteInfo = "Project A";
		};
/* End PBXContainerItemProxy section */

/* Begin PBXFileReference section */
		7147000124261F1300F47F51 /* Project ATests.xctest */ = {isa = PBXFileReference; explicitFileType = wrapper.cfbundle; includeInIndex = 0; path = "Project ATests.xctest"; sourceTree = BUILT_PRODUCTS_DIR; };
		7147000524261F1300F47F51 /* Project_ATests.swift */ = {isa = PBXFileReference; lastKnownFileType = sourcecode.swift; path = Project_ATests.swift; sourceTree = "<group>"; };
		7147000724261F1300F47F51 /* Info.plist */ = {isa = PBXFileReference; lastKnownFileType = text.plist.xml; path = Info.plist; sourceTree = "<group>"; };
		7147000C24261F1300F47F51 /* Project AUITests.xctest */ = {isa = PBXFileReference; explicitFileType = wrapper.cfbundle; includeInIndex = 0; path = "Project AUITests.xctest"; sourceTree = BUILT_PRODUCTS_DIR; };
		7147001024261F1300F47F51 /* Project_AUITests.swift */ = {isa = PBXFileReference; lastKnownFileType = sourcecode.swift; path = Project_AUITests.swift; sourceTree = "<group>"; };
		7147001224261F1300F47F51 /* Info.plist */ = {isa = PBXFileReference; lastKnownFileType = text.plist.xml; path = Info.plist; sourceTree = "<group>"; };
		7147FFEB24261F1000F47F51 /* Project A.app */ = {isa = PBXFileReference; explicitFileType = wrapper.application; includeInIndex = 0; path = "Project A.app"; sourceTree = BUILT_PRODUCTS_DIR; };
		7147FFEE24261F1000F47F51 /* AppDelegate.swift */ = {isa = PBXFileReference; lastKnownFileType = sourcecode.swift; path = AppDelegate.swift; sourceTree = "<group>"; };
		7147FFF024261F1000F47F51 /* SceneDelegate.swift */ = {isa = PBXFileReference; lastKnownFileType = sourcecode.swift; path = SceneDelegate.swift; sourceTree = "<group>"; };
		7147FFF224261F1000F47F51 /* ViewController.swift */ = {isa = PBXFileReference; lastKnownFileType = sourcecode.swift; path = ViewController.swift; sourceTree = "<group>"; };
		7147FFF524261F1000F47F51 /* Base */ = {isa = PBXFileReference; lastKnownFileType = file.storyboard; name = Base; path = Base.lproj/Main.storyboard; sourceTree = "<group>"; };
		7147FFF724261F1200F47F51 /* Assets.xcassets */ = {isa = PBXFileReference; lastKnownFileType = folder.assetcatalog; path = Assets.xcassets; sourceTree = "<group>"; };
		7147FFFA24261F1200F47F51 /* Base */ = {isa = PBXFileReference; lastKnownFileType = file.storyboard; name = Base; path = Base.lproj/LaunchScreen.storyboard; sourceTree = "<group>"; };
		7147FFFC24261F1200F47F51 /* Info.plist */ = {isa = PBXFileReference; lastKnownFileType = text.plist.xml; path = Info.plist; sourceTree = "<group>"; };
/* End PBXFileReference section */

/* Begin PBXFrameworksBuildPhase section */
		7147000924261F1300F47F51 /* Frameworks */ = {
			isa = PBXFrameworksBuildPhase;
			buildActionMask = 2147483647;
			files = (
			);
			runOnlyForDeploymentPostprocessing = 0;
		};
		7147FFE824261F1000F47F51 /* Frameworks */ = {
			isa = PBXFrameworksBuildPhase;
			buildActionMask = 2147483647;
			files = (
			);
			runOnlyForDeploymentPostprocessing = 0;
		};
		7147FFFE24261F1300F47F51 /* Frameworks */ = {
			isa = PBXFrameworksBuildPhase;
			buildActionMask = 2147483647;
			files = (
			);
			runOnlyForDeploymentPostprocessing = 0;
		};
/* End PBXFrameworksBuildPhase section */

/* Begin PBXGroup section */
		7147000424261F1300F47F51 /* Project ATests */ = {
			isa = PBXGroup;
			children = (
				7147000524261F1300F47F51 /* Project_ATests.swift */,
				7147000724261F1300F47F51 /* Info.plist */,
			);
			path = "Project ATests";
			sourceTree = "<group>";
		};
		7147000F24261F1300F47F51 /* Project AUITests */ = {
			isa = PBXGroup;
			children = (
				7147001024261F1300F47F51 /* Project_AUITests.swift */,
				7147001224261F1300F47F51 /* Info.plist */,
			);
			path = "Project AUITests";
			sourceTree = "<group>";
		};
		7147FFE224261F1000F47F51 = {
			isa = PBXGroup;
			children = (
				7147FFED24261F1000F47F51 /* Project A */,
				7147000424261F1300F47F51 /* Project ATests */,
				7147000F24261F1300F47F51 /* Project AUITests */,
				7147FFEC24261F1000F47F51 /* Products */,
			);
			sourceTree = "<group>";
		};
		7147FFEC24261F1000F47F51 /* Products */ = {
			isa = PBXGroup;
			children = (
				7147FFEB24261F1000F47F51 /* Project A.app */,
				7147000124261F1300F47F51 /* Project ATests.xctest */,
				7147000C24261F1300F47F51 /* Project AUITests.xctest */,
			);
			name = Products;
			sourceTree = "<group>";
		};
		7147FFED24261F1000F47F51 /* Project A */ = {
			isa = PBXGroup;
			children = (
				7147FFEE24261F1000F47F51 /* AppDelegate.swift */,
				7147FFF024261F1000F47F51 /* SceneDelegate.swift */,
				7147FFF224261F1000F47F51 /* ViewController.swift */,
				7147FFF424261F1000F47F51 /* Main.storyboard */,
				7147FFF724261F1200F47F51 /* Assets.xcassets */,
				7147FFF924261F1200F47F51 /* LaunchScreen.storyboard */,
				7147FFFC24261F1200F47F51 /* Info.plist */,
			);
			path = "Project A";
			sourceTree = "<group>";
		};
/* End PBXGroup section */

/* Begin PBXNativeTarget section */
		7147000024261F1300F47F51 /* Project ATests */ = {
			isa = PBXNativeTarget;
			buildConfigurationList = 7147001824261F1300F47F51 /* Build configuration list for PBXNativeTarget "Project ATests" */;
			buildPhases = (
				7147FFFD24261F1300F47F51 /* Sources */,
				7147FFFE24261F1300F47F51 /* Frameworks */,
				7147FFFF24261F1300F47F51 /* Resources */,
			);
			buildRules = (
			);
			dependencies = (
				7147000324261F1300F47F51 /* PBXTargetDependency */,
			);
			name = "Project ATests";
			productName = "Project ATests";
			productReference = 7147000124261F1300F47F51 /* Project ATests.xctest */;
			productType = "com.apple.product-type.bundle.unit-test";
		};
		7147000B24261F1300F47F51 /* Project AUITests */ = {
			isa = PBXNativeTarget;
			buildConfigurationList = 7147001B24261F1300F47F51 /* Build configuration list for PBXNativeTarget "Project AUITests" */;
			buildPhases = (
				7147000824261F1300F47F51 /* Sources */,
				7147000924261F1300F47F51 /* Frameworks */,
				7147000A24261F1300F47F51 /* Resources */,
			);
			buildRules = (
			);
			dependencies = (
				7147000E24261F1300F47F51 /* PBXTargetDependency */,
			);
			name = "Project AUITests";
			productName = "Project AUITests";
			productReference = 7147000C24261F1300F47F51 /* Project AUITests.xctest */;
			productType = "com.apple.product-type.bundle.ui-testing";
		};
		7147FFEA24261F1000F47F51 /* Project A */ = {
			isa = PBXNativeTarget;
			buildConfigurationList = 7147001524261F1300F47F51 /* Build configuration list for PBXNativeTarget "Project A" */;
			buildPhases = (
				7147FFE724261F1000F47F51 /* Sources */,
				7147FFE824261F1000F47F51 /* Frameworks */,
				7147FFE924261F1000F47F51 /* Resources */,
			);
			buildRules = (
			);
			dependencies = (
			);
			name = "Project A";
			productName = "Project A";
			productReference = 7147FFEB24261F1000F47F51 /* Project A.app */;
			productType = "com.apple.product-type.application";
		};
/* End PBXNativeTarget section */

/* Begin PBXProject section */
		7147FFE324261F1000F47F51 /* Project object */ = {
			isa = PBXProject;
			attributes = {
				LastSwiftUpdateCheck = 1130;
				LastUpgradeCheck = 1130;
				ORGANIZATIONNAME = "Mustafa Yurdakul";
				TargetAttributes = {
					7147000024261F1300F47F51 = {
						CreatedOnToolsVersion = 11.3.1;
						TestTargetID = 7147FFEA24261F1000F47F51;
					};
					7147000B24261F1300F47F51 = {
						CreatedOnToolsVersion = 11.3.1;
						TestTargetID = 7147FFEA24261F1000F47F51;
					};
					7147FFEA24261F1000F47F51 = {
						CreatedOnToolsVersion = 11.3.1;
					};
				};
			};
			buildConfigurationList = 7147FFE624261F1000F47F51 /* Build configuration list for PBXProject "Project A" */;
			compatibilityVersion = "Xcode 9.3";
			developmentRegion = en;
			hasScannedForEncodings = 0;
			knownRegions = (
				en,
				Base,
			);
			mainGroup = 7147FFE224261F1000F47F51;
			productRefGroup = 7147FFEC24261F1000F47F51 /* Products */;
			projectDirPath = "";
			projectRoot = "";
			targets = (
				7147FFEA24261F1000F47F51 /* Project A */,
				7147000024261F1300F47F51 /* Project ATests */,
				7147000B24261F1300F47F51 /* Project AUITests */,
			);
		};
/* End PBXProject section */

/* Begin PBXResourcesBuildPhase section */
		7147000A24261F1300F47F51 /* Resources */ = {
			isa = PBXResourcesBuildPhase;
			buildActionMask = 2147483647;
			files = (
			);
			runOnlyForDeploymentPostprocessing = 0;
		};
		7147FFE924261F1000F47F51 /* Resources */ = {
			isa = PBXResourcesBuildPhase;
			buildActionMask = 2147483647;
			files = (
				7147FFFB24261F1200F47F51 /* LaunchScreen.storyboard in Resources */,
				7147FFF824261F1200F47F51 /* Assets.xcassets in Resources */,
				7147FFF624261F1000F47F51 /* Main.storyboard in Resources */,
			);
			runOnlyForDeploymentPostprocessing = 0;
		};
		7147FFFF24261F1300F47F51 /* Resources */ = {
			isa = PBXResourcesBuildPhase;
			buildActionMask = 2147483647;
			files = (
			);
			runOnlyForDeploymentPostprocessing = 0;
		};
/* End PBXResourcesBuildPhase section */

/* Begin PBXSourcesBuildPhase section */
		7147000824261F1300F47F51 /* Sources */ = {
			isa = PBXSourcesBuildPhase;
			buildActionMask = 2147483647;
			files = (
				7147001124261F1300F47F51 /* Project_AUITests.swift in Sources */,
			);
			runOnlyForDeploymentPostprocessing = 0;
		};
		7147FFE724261F1000F47F51 /* Sources */ = {
			isa = PBXSourcesBuildPhase;
			buildActionMask = 2147483647;
			files = (
				7147FFF324261F1000F47F51 /* ViewController.swift in Sources */,
				7147FFEF24261F1000F47F51 /* AppDelegate.swift in Sources */,
				7147FFF124261F1000F47F51 /* SceneDelegate.swift in Sources */,
			);
			runOnlyForDeploymentPostprocessing = 0;
		};
		7147FFFD24261F1300F47F51 /* Sources */ = {
			isa = PBXSourcesBuildPhase;
			buildActionMask = 2147483647;
			files = (
				7147000624261F1300F47F51 /* Project_ATests.swift in Sources */,
			);
			runOnlyForDeploymentPostprocessing = 0;
		};
/* End PBXSourcesBuildPhase section */

/* Begin PBXTargetDependency section */
		7147000324261F1300F47F51 /* PBXTargetDependency */ = {
			isa = PBXTargetDependency;
			target = 7147FFEA24261F1000F47F51 /* Project A */;
			targetProxy = 7147000224261F1300F47F51 /* PBXContainerItemProxy */;
		};
		7147000E24261F1300F47F51 /* PBXTargetDependency */ = {
			isa = PBXTargetDependency;
			target = 7147FFEA24261F1000F47F51 /* Project A */;
			targetProxy = 7147000D24261F1300F47F51 /* PBXContainerItemProxy */;
		};
/* End PBXTargetDependency section */

/* Begin PBXVariantGroup section */
		7147FFF424261F1000F47F51 /* Main.storyboard */ = {
			isa = PBXVariantGroup;
			children = (
				7147FFF524261F1000F47F51 /* Base */,
			);
			name = Main.storyboard;
			sourceTree = "<group>";
		};
		7147FFF924261F1200F47F51 /* LaunchScreen.storyboard */ = {
			isa = PBXVariantGroup;
			children = (
				7147FFFA24261F1200F47F51 /* Base */,
			);
			name = LaunchScreen.storyboard;
			sourceTree = "<group>";
		};
/* End PBXVariantGroup section */

/* Begin XCBuildConfiguration section */
		7147001324261F1300F47F51 /* Debug */ = {
			isa = XCBuildConfiguration;
			buildSettings = {
				ALWAYS_SEARCH_USER_PATHS = NO;
				CLANG_ANALYZER_NONNULL = YES;
				CLANG_ANALYZER_NUMBER_OBJECT_CONVERSION = YES_AGGRESSIVE;
				CLANG_CXX_LANGUAGE_STANDARD = "gnu++14";
				CLANG_CXX_LIBRARY = "libc++";
				CLANG_ENABLE_MODULES = YES;
				CLANG_ENABLE_OBJC_ARC = YES;
				CLANG_ENABLE_OBJC_WEAK = YES;
				CLANG_WARN_BLOCK_CAPTURE_AUTORELEASING = YES;
				CLANG_WARN_BOOL_CONVERSION = YES;
				CLANG_WARN_COMMA = YES;
				CLANG_WARN_CONSTANT_CONVERSION = YES;
				CLANG_WARN_DEPRECATED_OBJC_IMPLEMENTATIONS = YES;
				CLANG_WARN_DIRECT_OBJC_ISA_USAGE = YES_ERROR;
				CLANG_WARN_DOCUMENTATION_COMMENTS = YES;
				CLANG_WARN_EMPTY_BODY = YES;
				CLANG_WARN_ENUM_CONVERSION = YES;
				CLANG_WARN_INFINITE_RECURSION = YES;
				CLANG_WARN_INT_CONVERSION = YES;
				CLANG_WARN_NON_LITERAL_NULL_CONVERSION = YES;
				CLANG_WARN_OBJC_IMPLICIT_RETAIN_SELF = YES;
				CLANG_WARN_OBJC_LITERAL_CONVERSION = YES;
				CLANG_WARN_OBJC_ROOT_CLASS = YES_ERROR;
				CLANG_WARN_RANGE_LOOP_ANALYSIS = YES;
				CLANG_WARN_STRICT_PROTOTYPES = YES;
				CLANG_WARN_SUSPICIOUS_MOVE = YES;
				CLANG_WARN_UNGUARDED_AVAILABILITY = YES_AGGRESSIVE;
				CLANG_WARN_UNREACHABLE_CODE = YES;
				CLANG_WARN__DUPLICATE_METHOD_MATCH = YES;
				COPY_PHASE_STRIP = NO;
				DEBUG_INFORMATION_FORMAT = dwarf;
				ENABLE_STRICT_OBJC_MSGSEND = YES;
				ENABLE_TESTABILITY = YES;
				GCC_C_LANGUAGE_STANDARD = gnu11;
				GCC_DYNAMIC_NO_PIC = NO;
				GCC_NO_COMMON_BLOCKS = YES;
				GCC_OPTIMIZATION_LEVEL = 0;
				GCC_PREPROCESSOR_DEFINITIONS = (
					"DEBUG=1",
					"$(inherited)",
				);
				GCC_WARN_64_TO_32_BIT_CONVERSION = YES;
				GCC_WARN_ABOUT_RETURN_TYPE = YES_ERROR;
				GCC_WARN_UNDECLARED_SELECTOR = YES;
				GCC_WARN_UNINITIALIZED_AUTOS = YES_AGGRESSIVE;
				GCC_WARN_UNUSED_FUNCTION = YES;
				GCC_WARN_UNUSED_VARIABLE = YES;
				IPHONEOS_DEPLOYMENT_TARGET = 13.2;
				MTL_ENABLE_DEBUG_INFO = INCLUDE_SOURCE;
				MTL_FAST_MATH = YES;
				ONLY_ACTIVE_ARCH = YES;
				SDKROOT = iphoneos;
				SWIFT_ACTIVE_COMPILATION_CONDITIONS = DEBUG;
				SWIFT_OPTIMIZATION_LEVEL = "-Onone";
			};
			name = Debug;
		};
		7147001424261F1300F47F51 /* Release */ = {
			isa = XCBuildConfiguration;
			buildSettings = {
				ALWAYS_SEARCH_USER_PATHS = NO;
				CLANG_ANALYZER_NONNULL = YES;
				CLANG_ANALYZER_NUMBER_OBJECT_CONVERSION = YES_AGGRESSIVE;
				CLANG_CXX_LANGUAGE_STANDARD = "gnu++14";
				CLANG_CXX_LIBRARY = "libc++";
				CLANG_ENABLE_MODULES = YES;
				CLANG_ENABLE_OBJC_ARC = YES;
				CLANG_ENABLE_OBJC_WEAK = YES;
				CLANG_WARN_BLOCK_CAPTURE_AUTORELEASING = YES;
				CLANG_WARN_BOOL_CONVERSION = YES;
				CLANG_WARN_COMMA = YES;
				CLANG_WARN_CONSTANT_CONVERSION = YES;
				CLANG_WARN_DEPRECATED_OBJC_IMPLEMENTATIONS = YES;
				CLANG_WARN_DIRECT_OBJC_ISA_USAGE = YES_ERROR;
				CLANG_WARN_DOCUMENTATION_COMMENTS = YES;
				CLANG_WARN_EMPTY_BODY = YES;
				CLANG_WARN_ENUM_CONVERSION = YES;
				CLANG_WARN_INFINITE_RECURSION = YES;
				CLANG_WARN_INT_CONVERSION = YES;
				CLANG_WARN_NON_LITERAL_NULL_CONVERSION = YES;
				CLANG_WARN_OBJC_IMPLICIT_RETAIN_SELF = YES;
				CLANG_WARN_OBJC_LITERAL_CONVERSION = YES;
				CLANG_WARN_OBJC_ROOT_CLASS = YES_ERROR;
				CLANG_WARN_RANGE_LOOP_ANALYSIS = YES;
				CLANG_WARN_STRICT_PROTOTYPES = YES;
				CLANG_WARN_SUSPICIOUS_MOVE = YES;
				CLANG_WARN_UNGUARDED_AVAILABILITY = YES_AGGRESSIVE;
				CLANG_WARN_UNREACHABLE_CODE = YES;
				CLANG_WARN__DUPLICATE_METHOD_MATCH = YES;
				COPY_PHASE_STRIP = NO;
				DEBUG_INFORMATION_FORMAT = "dwarf-with-dsym";
				ENABLE_NS_ASSERTIONS = NO;
				ENABLE_STRICT_OBJC_MSGSEND = YES;
				GCC_C_LANGUAGE_STANDARD = gnu11;
				GCC_NO_COMMON_BLOCKS = YES;
				GCC_WARN_64_TO_32_BIT_CONVERSION = YES;
				GCC_WARN_ABOUT_RETURN_TYPE = YES_ERROR;
				GCC_WARN_UNDECLARED_SELECTOR = YES;
				GCC_WARN_UNINITIALIZED_AUTOS = YES_AGGRESSIVE;
				GCC_WARN_UNUSED_FUNCTION = YES;
				GCC_WARN_UNUSED_VARIABLE = YES;
				IPHONEOS_DEPLOYMENT_TARGET = 13.2;
				MTL_ENABLE_DEBUG_INFO = NO;
				MTL_FAST_MATH = YES;
				SDKROOT = iphoneos;
				SWIFT_COMPILATION_MODE = wholemodule;
				SWIFT_OPTIMIZATION_LEVEL = "-O";
				VALIDATE_PRODUCT = YES;
			};
			name = Release;
		};
		7147001624261F1300F47F51 /* Debug */ = {
			isa = XCBuildConfiguration;
			buildSettings = {
				ASSETCATALOG_COMPILER_APPICON_NAME = AppIcon;
				CODE_SIGN_STYLE = Automatic;
				INFOPLIST_FILE = "Project A/Info.plist";
				LD_RUNPATH_SEARCH_PATHS = (
					"$(inherited)",
					"@executable_path/Frameworks",
				);
				PRODUCT_BUNDLE_IDENTIFIER = "yurdakulmustafa.Project-A";
				PRODUCT_NAME = "$(TARGET_NAME)";
				SWIFT_VERSION = 5.0;
				TARGETED_DEVICE_FAMILY = "1,2";
			};
			name = Debug;
		};
		7147001724261F1300F47F51 /* Release */ = {
			isa = XCBuildConfiguration;
			buildSettings = {
				ASSETCATALOG_COMPILER_APPICON_NAME = AppIcon;
				CODE_SIGN_STYLE = Automatic;
				INFOPLIST_FILE = "Project A/Info.plist";
				LD_RUNPATH_SEARCH_PATHS = (
					"$(inherited)",
					"@executable_path/Frameworks",
				);
				PRODUCT_BUNDLE_IDENTIFIER = "yurdakulmustafa.Project-A";
				PRODUCT_NAME = "$(TARGET_NAME)";
				SWIFT_VERSION = 5.0;
				TARGETED_DEVICE_FAMILY = "1,2";
			};
			name = Release;
		};
		7147001924261F1300F47F51 /* Debug */ = {
			isa = XCBuildConfiguration;
			buildSettings = {
				ALWAYS_EMBED_SWIFT_STANDARD_LIBRARIES = YES;
				BUNDLE_LOADER = "$(TEST_HOST)";
				CODE_SIGN_STYLE = Automatic;
				INFOPLIST_FILE = "Project ATests/Info.plist";
				IPHONEOS_DEPLOYMENT_TARGET = 13.2;
				LD_RUNPATH_SEARCH_PATHS = (
					"$(inherited)",
					"@executable_path/Frameworks",
					"@loader_path/Frameworks",
				);
				PRODUCT_BUNDLE_IDENTIFIER = "yurdakulmustafa.Project-ATests";
				PRODUCT_NAME = "$(TARGET_NAME)";
				SWIFT_VERSION = 5.0;
				TARGETED_DEVICE_FAMILY = "1,2";
				TEST_HOST = "$(BUILT_PRODUCTS_DIR)/Project A.app/Project A";
			};
			name = Debug;
		};
		7147001A24261F1300F47F51 /* Release */ = {
			isa = XCBuildConfiguration;
			buildSettings = {
				ALWAYS_EMBED_SWIFT_STANDARD_LIBRARIES = YES;
				BUNDLE_LOADER = "$(TEST_HOST)";
				CODE_SIGN_STYLE = Automatic;
				INFOPLIST_FILE = "Project ATests/Info.plist";
				IPHONEOS_DEPLOYMENT_TARGET = 13.2;
				LD_RUNPATH_SEARCH_PATHS = (
					"$(inherited)",
					"@executable_path/Frameworks",
					"@loader_path/Frameworks",
				);
				PRODUCT_BUNDLE_IDENTIFIER = "yurdakulmustafa.Project-ATests";
				PRODUCT_NAME = "$(TARGET_NAME)";
				SWIFT_VERSION = 5.0;
				TARGETED_DEVICE_FAMILY = "1,2";
				TEST_HOST = "$(BUILT_PRODUCTS_DIR)/Project A.app/Project A";
			};
			name = Release;
		};
		7147001C24261F1300F47F51 /* Debug */ = {
			isa = XCBuildConfiguration;
			buildSettings = {
				ALWAYS_EMBED_SWIFT_STANDARD_LIBRARIES = YES;
				CODE_SIGN_STYLE = Automatic;
				INFOPLIST_FILE = "Project AUITests/Info.plist";
				LD_RUNPATH_SEARCH_PATHS = (
					"$(inherited)",
					"@executable_path/Frameworks",
					"@loader_path/Frameworks",
				);
				PRODUCT_BUNDLE_IDENTIFIER = "yurdakulmustafa.Project-AUITests";
				PRODUCT_NAME = "$(TARGET_NAME)";
				SWIFT_VERSION = 5.0;
				TARGETED_DEVICE_FAMILY = "1,2";
				TEST_TARGET_NAME = "Project A";
			};
			name = Debug;
		};
		7147001D24261F1300F47F51 /* Release */ = {
			isa = XCBuildConfiguration;
			buildSettings = {
				ALWAYS_EMBED_SWIFT_STANDARD_LIBRARIES = YES;
				CODE_SIGN_STYLE = Automatic;
				INFOPLIST_FILE = "Project AUITests/Info.plist";
				LD_RUNPATH_SEARCH_PATHS = (
					"$(inherited)",
					"@executable_path/Frameworks",
					"@loader_path/Frameworks",
				);
				PRODUCT_BUNDLE_IDENTIFIER = "yurdakulmustafa.Project-AUITests";
				PRODUCT_NAME = "$(TARGET_NAME)";
				SWIFT_VERSION = 5.0;
				TARGETED_DEVICE_FAMILY = "1,2";
				TEST_TARGET_NAME = "Project A";
			};
			name = Release;
		};
/* End XCBuildConfiguration section */

/* Begin XCConfigurationList section */
		7147001524261F1300F47F51 /* Build configuration list for PBXNativeTarget "Project A" */ = {
			isa = XCConfigurationList;
			buildConfigurations = (
				7147001624261F1300F47F51 /* Debug */,
				7147001724261F1300F47F51 /* Release */,
			);
			defaultConfigurationIsVisible = 0;
			defaultConfigurationName = Release;
		};
		7147001824261F1300F47F51 /* Build configuration list for PBXNativeTarget "Project ATests" */ = {
			isa = XCConfigurationList;
			buildConfigurations = (
				7147001924261F1300F47F51 /* Debug */,
				7147001A24261F1300F47F51 /* Release */,
			);
			defaultConfigurationIsVisible = 0;
			defaultConfigurationName = Release;
		};
		7147001B24261F1300F47F51 /* Build configuration list for PBXNativeTarget "Project AUITests" */ = {
			isa = XCConfigurationList;
			buildConfigurations = (
				7147001C24261F1300F47F51 /* Debug */,
				7147001D24261F1300F47F51 /* Release */,
			);
			defaultConfigurationIsVisible = 0;
			defaultConfigurationName = Release;
		};
		7147FFE624261F1000F47F51 /* Build configuration list for PBXProject "Project A" */ = {
			isa = XCConfigurationList;
			buildConfigurations = (
				7147001324261F1300F47F51 /* Debug */,
				7147001424261F1300F47F51 /* Release */,
			);
			defaultConfigurationIsVisible = 0;
			defaultConfigurationName = Release;
		};
/* End XCConfigurationList section */
	};
	rootObject = 7147FFE324261F1000F47F51 /* Project object */;
}
